
Microsoft Visual Studio Solution File, Format Version 12.00
# Visual Studio 15
VisualStudioVersion = 15.0.27130.2027
MinimumVisualStudioVersion = 10.0.40219.1
Project("{FAE04EC0-301F-11D3-BF4B-00C04F79EFBC}") = "AspIT.MockDataServices", "AspIT.MockDataServices\AspIT.MockDataServices.csproj", "{2623836A-487B-44D8-82CC-115165686EAF}"
EndProject
Project("{FAE04EC0-301F-11D3-BF4B-00C04F79EFBC}") = "AspIT.MockDataServices.Entities", "AspIT.MockDataServices.Entities\AspIT.MockDataServices.Entities.csproj", "{C446EE31-3898-48BD-B418-786205D77209}"
EndProject
Global
	GlobalSection(SolutionConfigurationPlatforms) = preSolution
		Debug|Any CPU = Debug|Any CPU
		Release|Any CPU = Release|Any CPU
	EndGlobalSection
	GlobalSection(ProjectConfigurationPlatforms) = postSolution
		{2623836A-487B-44D8-82CC-115165686EAF}.Debug|Any CPU.ActiveCfg = Debug|Any CPU
		{2623836A-487B-44D8-82CC-115165686EAF}.Debug|Any CPU.Build.0 = Debug|Any CPU
		{2623836A-487B-44D8-82CC-115165686EAF}.Release|Any CPU.ActiveCfg = Release|Any CPU
		{2623836A-487B-44D8-82CC-115165686EAF}.Release|Any CPU.Build.0 = Release|Any CPU
		{C446EE31-3898-48BD-B418-786205D77209}.Debug|Any CPU.ActiveCfg = Debug|Any CPU
		{C446EE31-3898-48BD-B418-786205D77209}.Debug|Any CPU.Build.0 = Debug|Any CPU
		{C446EE31-3898-48BD-B418-786205D77209}.Release|Any CPU.ActiveCfg = Release|Any CPU
		{C446EE31-3898-48BD-B418-786205D77209}.Release|Any CPU.Build.0 = Release|Any CPU
	EndGlobalSection
	GlobalSection(SolutionProperties) = preSolution
		HideSolutionNode = FALSE
	EndGlobalSection
	GlobalSection(ExtensibilityGlobals) = postSolution
		SolutionGuid = {EDCF19C0-1AA4-4892-9AAB-02031FDF9BFF}
	EndGlobalSection
EndGlobal
